
Microsoft Visual Studio Solution File, Format Version 12.00
# Visual Studio Version 16
VisualStudioVersion = 16.0.28407.52
MinimumVisualStudioVersion = 10.0.40219.1
Project("{FAE04EC0-301F-11D3-BF4B-00C04F79EFBC}") = "TimeEnhancer", "TimeEnhancer\TimeEnhancer.csproj", "{5A2D5A6B-0BAB-4931-8C34-37D7A8DD3C81}"
EndProject
Project("{FAE04EC0-301F-11D3-BF4B-00C04F79EFBC}") = "TimeEnhancer.API", "..\TimeEnhancer.API\TimeEnhancer.API\TimeEnhancer.API.csproj", "{1F86BD3A-7DAF-46BE-81B1-8B1F97B1C2BF}"
EndProject
Project("{FAE04EC0-301F-11D3-BF4B-00C04F79EFBC}") = "TimeEnhancerGame", "..\TimeEnhancerGame\TimeEnhancerGame\TimeEnhancerGame.csproj", "{6FC02D30-663B-4262-B094-BC81C0A09B6E}"
EndProject
Project("{FAE04EC0-301F-11D3-BF4B-00C04F79EFBC}") = "Steam4NET", "..\Steam4NET2018\Steam4NET.csproj", "{1A204257-FE82-4BBE-9ED4-40694821C31F}"
EndProject
Global
	GlobalSection(SolutionConfigurationPlatforms) = preSolution
		Debug|Any CPU = Debug|Any CPU
		Release|Any CPU = Release|Any CPU
	EndGlobalSection
	GlobalSection(ProjectConfigurationPlatforms) = postSolution
		{5A2D5A6B-0BAB-4931-8C34-37D7A8DD3C81}.Debug|Any CPU.ActiveCfg = Debug|Any CPU
		{5A2D5A6B-0BAB-4931-8C34-37D7A8DD3C81}.Debug|Any CPU.Build.0 = Debug|Any CPU
		{5A2D5A6B-0BAB-4931-8C34-37D7A8DD3C81}.Release|Any CPU.ActiveCfg = Release|Any CPU
		{5A2D5A6B-0BAB-4931-8C34-37D7A8DD3C81}.Release|Any CPU.Build.0 = Release|Any CPU
		{1F86BD3A-7DAF-46BE-81B1-8B1F97B1C2BF}.Debug|Any CPU.ActiveCfg = Debug|Any CPU
		{1F86BD3A-7DAF-46BE-81B1-8B1F97B1C2BF}.Debug|Any CPU.Build.0 = Debug|Any CPU
		{1F86BD3A-7DAF-46BE-81B1-8B1F97B1C2BF}.Release|Any CPU.ActiveCfg = Release|Any CPU
		{1F86BD3A-7DAF-46BE-81B1-8B1F97B1C2BF}.Release|Any CPU.Build.0 = Release|Any CPU
		{6FC02D30-663B-4262-B094-BC81C0A09B6E}.Debug|Any CPU.ActiveCfg = Debug|Any CPU
		{6FC02D30-663B-4262-B094-BC81C0A09B6E}.Debug|Any CPU.Build.0 = Debug|Any CPU
		{6FC02D30-663B-4262-B094-BC81C0A09B6E}.Release|Any CPU.ActiveCfg = Release|Any CPU
		{6FC02D30-663B-4262-B094-BC81C0A09B6E}.Release|Any CPU.Build.0 = Release|Any CPU
		{1A204257-FE82-4BBE-9ED4-40694821C31F}.Debug|Any CPU.ActiveCfg = Debug|Any CPU
		{1A204257-FE82-4BBE-9ED4-40694821C31F}.Debug|Any CPU.Build.0 = Debug|Any CPU
		{1A204257-FE82-4BBE-9ED4-40694821C31F}.Release|Any CPU.ActiveCfg = Release|Any CPU
		{1A204257-FE82-4BBE-9ED4-40694821C31F}.Release|Any CPU.Build.0 = Release|Any CPU
	EndGlobalSection
	GlobalSection(SolutionProperties) = preSolution
		HideSolutionNode = FALSE
	EndGlobalSection
	GlobalSection(ExtensibilityGlobals) = postSolution
		SolutionGuid = {1E371202-19CE-4ABA-9677-8B95D3FFCD9F}
	EndGlobalSection
EndGlobal
